
Microsoft Visual Studio Solution File, Format Version 12.00
# Visual Studio Version 17
VisualStudioVersion = 17.3.32929.385
MinimumVisualStudioVersion = 10.0.40219.1
Project("{9A19103F-16F7-4668-BE54-9A1E7A4F7556}") = "IpInfoViewer.Api", "IpInfoViewer\IpInfoViewer.Api.csproj", "{678CB0A7-23DF-480F-AA45-389D3D1DABDE}"
EndProject
Project("{54A90642-561A-4BB1-A94E-469ADEE60C69}") = "IpInfoViewer.Web", "IpInfoViewer.Web\IpInfoViewer.Web.esproj", "{897D833D-B63A-4D36-BA36-781E9D8AB319}"
EndProject
Project("{9A19103F-16F7-4668-BE54-9A1E7A4F7556}") = "IpInfoViewer.Libs", "IpInfoViewer.Libs\IpInfoViewer.Libs.csproj", "{2B2F5413-DA35-49AD-9283-B8733B0625EE}"
EndProject
Project("{2150E333-8FDC-42A3-9474-1A3956D46DE8}") = "Services", "Services", "{6CAB4F10-1BC1-4CD2-8965-A63B6BCDCFF7}"
EndProject
Project("{9A19103F-16F7-4668-BE54-9A1E7A4F7556}") = "IpInfoViewer.MapPointsService", "IpInfoViewer.MapPointsService\IpInfoViewer.MapPointsService.csproj", "{F01B3F53-2A64-4B64-851F-B1DBB6A717A3}"
EndProject
Project("{9A19103F-16F7-4668-BE54-9A1E7A4F7556}") = "IpInfoViewer.IpInfoService", "IpInfoViewer.IpInfoService\IpInfoViewer.IpInfoService.csproj", "{99A0FD46-F71F-4EC5-AD87-AD1F5E402F65}"
EndProject
Project("{9A19103F-16F7-4668-BE54-9A1E7A4F7556}") = "IpInfoViewer.CountryPingInfoService", "IpInfoViewer.CountryPingInfoService\IpInfoViewer.CountryPingInfoService.csproj", "{C70EC585-16FD-475C-AD0F-84D395F2534C}"
EndProject
Global
	GlobalSection(SolutionConfigurationPlatforms) = preSolution
		Debug|Any CPU = Debug|Any CPU
		Release|Any CPU = Release|Any CPU
	EndGlobalSection
	GlobalSection(ProjectConfigurationPlatforms) = postSolution
		{678CB0A7-23DF-480F-AA45-389D3D1DABDE}.Debug|Any CPU.ActiveCfg = Debug|Any CPU
		{678CB0A7-23DF-480F-AA45-389D3D1DABDE}.Debug|Any CPU.Build.0 = Debug|Any CPU
		{678CB0A7-23DF-480F-AA45-389D3D1DABDE}.Release|Any CPU.ActiveCfg = Release|Any CPU
		{678CB0A7-23DF-480F-AA45-389D3D1DABDE}.Release|Any CPU.Build.0 = Release|Any CPU
		{897D833D-B63A-4D36-BA36-781E9D8AB319}.Debug|Any CPU.ActiveCfg = Debug|Any CPU
		{897D833D-B63A-4D36-BA36-781E9D8AB319}.Debug|Any CPU.Build.0 = Debug|Any CPU
		{897D833D-B63A-4D36-BA36-781E9D8AB319}.Debug|Any CPU.Deploy.0 = Debug|Any CPU
		{897D833D-B63A-4D36-BA36-781E9D8AB319}.Release|Any CPU.ActiveCfg = Release|Any CPU
		{897D833D-B63A-4D36-BA36-781E9D8AB319}.Release|Any CPU.Build.0 = Release|Any CPU
		{897D833D-B63A-4D36-BA36-781E9D8AB319}.Release|Any CPU.Deploy.0 = Release|Any CPU
		{2B2F5413-DA35-49AD-9283-B8733B0625EE}.Debug|Any CPU.ActiveCfg = Debug|Any CPU
		{2B2F5413-DA35-49AD-9283-B8733B0625EE}.Debug|Any CPU.Build.0 = Debug|Any CPU
		{2B2F5413-DA35-49AD-9283-B8733B0625EE}.Release|Any CPU.ActiveCfg = Release|Any CPU
		{2B2F5413-DA35-49AD-9283-B8733B0625EE}.Release|Any CPU.Build.0 = Release|Any CPU
		{F01B3F53-2A64-4B64-851F-B1DBB6A717A3}.Debug|Any CPU.ActiveCfg = Debug|Any CPU
		{F01B3F53-2A64-4B64-851F-B1DBB6A717A3}.Debug|Any CPU.Build.0 = Debug|Any CPU
		{F01B3F53-2A64-4B64-851F-B1DBB6A717A3}.Release|Any CPU.ActiveCfg = Release|Any CPU
		{F01B3F53-2A64-4B64-851F-B1DBB6A717A3}.Release|Any CPU.Build.0 = Release|Any CPU
		{99A0FD46-F71F-4EC5-AD87-AD1F5E402F65}.Debug|Any CPU.ActiveCfg = Debug|Any CPU
		{99A0FD46-F71F-4EC5-AD87-AD1F5E402F65}.Debug|Any CPU.Build.0 = Debug|Any CPU
		{99A0FD46-F71F-4EC5-AD87-AD1F5E402F65}.Release|Any CPU.ActiveCfg = Release|Any CPU
		{99A0FD46-F71F-4EC5-AD87-AD1F5E402F65}.Release|Any CPU.Build.0 = Release|Any CPU
		{C70EC585-16FD-475C-AD0F-84D395F2534C}.Debug|Any CPU.ActiveCfg = Debug|Any CPU
		{C70EC585-16FD-475C-AD0F-84D395F2534C}.Debug|Any CPU.Build.0 = Debug|Any CPU
		{C70EC585-16FD-475C-AD0F-84D395F2534C}.Release|Any CPU.ActiveCfg = Release|Any CPU
		{C70EC585-16FD-475C-AD0F-84D395F2534C}.Release|Any CPU.Build.0 = Release|Any CPU
	EndGlobalSection
	GlobalSection(SolutionProperties) = preSolution
		HideSolutionNode = FALSE
	EndGlobalSection
	GlobalSection(NestedProjects) = preSolution
		{F01B3F53-2A64-4B64-851F-B1DBB6A717A3} = {6CAB4F10-1BC1-4CD2-8965-A63B6BCDCFF7}
		{99A0FD46-F71F-4EC5-AD87-AD1F5E402F65} = {6CAB4F10-1BC1-4CD2-8965-A63B6BCDCFF7}
		{C70EC585-16FD-475C-AD0F-84D395F2534C} = {6CAB4F10-1BC1-4CD2-8965-A63B6BCDCFF7}
	EndGlobalSection
	GlobalSection(ExtensibilityGlobals) = postSolution
		SolutionGuid = {8FA1E034-4788-4D9C-AD59-811BE0730AAC}
	EndGlobalSection
EndGlobal
